
Microsoft Visual Studio Solution File, Format Version 12.00
# Visual Studio Version 16
VisualStudioVersion = 16.0.31515.178
MinimumVisualStudioVersion = 10.0.40219.1
Project("{FAE04EC0-301F-11D3-BF4B-00C04F79EFBC}") = "Practice Linq", "Practice Linq.csproj", "{1822220C-301B-4786-A85E-B3EDE9B82FA7}"
EndProject
Global
	GlobalSection(SolutionConfigurationPlatforms) = preSolution
		Debug|Any CPU = Debug|Any CPU
		Release|Any CPU = Release|Any CPU
	EndGlobalSection
	GlobalSection(ProjectConfigurationPlatforms) = postSolution
		{1822220C-301B-4786-A85E-B3EDE9B82FA7}.Debug|Any CPU.ActiveCfg = Debug|Any CPU
		{1822220C-301B-4786-A85E-B3EDE9B82FA7}.Debug|Any CPU.Build.0 = Debug|Any CPU
		{1822220C-301B-4786-A85E-B3EDE9B82FA7}.Release|Any CPU.ActiveCfg = Release|Any CPU
		{1822220C-301B-4786-A85E-B3EDE9B82FA7}.Release|Any CPU.Build.0 = Release|Any CPU
	EndGlobalSection
	GlobalSection(SolutionProperties) = preSolution
		HideSolutionNode = FALSE
	EndGlobalSection
	GlobalSection(ExtensibilityGlobals) = postSolution
		SolutionGuid = {636CB4CA-0524-4A48-9D83-7AE2A81A854F}
	EndGlobalSection
EndGlobal
